
Microsoft Visual Studio Solution File, Format Version 12.00
# Visual Studio Version 16
VisualStudioVersion = 16.0.29025.244
MinimumVisualStudioVersion = 10.0.40219.1
Project("{FAE04EC0-301F-11D3-BF4B-00C04F79EFBC}") = "Aspose.CAD.Examples", "Aspose.CAD.Examples.csproj", "{578599AB-5FAE-4695-BE2F-B1FA25D287BC}"
EndProject
Global
	GlobalSection(SolutionConfigurationPlatforms) = preSolution
		Debug|Any CPU = Debug|Any CPU
		Release|Any CPU = Release|Any CPU
	EndGlobalSection
	GlobalSection(ProjectConfigurationPlatforms) = postSolution
		{578599AB-5FAE-4695-BE2F-B1FA25D287BC}.Debug|Any CPU.ActiveCfg = Debug|Any CPU
		{578599AB-5FAE-4695-BE2F-B1FA25D287BC}.Debug|Any CPU.Build.0 = Debug|Any CPU
		{578599AB-5FAE-4695-BE2F-B1FA25D287BC}.Release|Any CPU.ActiveCfg = Release|Any CPU
		{578599AB-5FAE-4695-BE2F-B1FA25D287BC}.Release|Any CPU.Build.0 = Release|Any CPU
	EndGlobalSection
	GlobalSection(SolutionProperties) = preSolution
		HideSolutionNode = FALSE
	EndGlobalSection
	GlobalSection(ExtensibilityGlobals) = postSolution
		SolutionGuid = {09FDCD3E-1EBE-4455-A730-CFBE10FD83B0}
	EndGlobalSection
EndGlobal
